
Microsoft Visual Studio Solution File, Format Version 12.00
# Visual Studio Version 16
VisualStudioVersion = 16.0.30320.27
MinimumVisualStudioVersion = 10.0.40219.1
Project("{8BC9CEB8-8B4A-11D0-8D11-00A0C91BC942}") = "TransportCompany", "TransportCompany\TransportCompany.vcxproj", "{4C3D5F05-9830-49DD-872C-5CA724D98A46}"
EndProject
Global
	GlobalSection(SolutionConfigurationPlatforms) = preSolution
		Debug|x64 = Debug|x64
		Debug|x86 = Debug|x86
		Release|x64 = Release|x64
		Release|x86 = Release|x86
	EndGlobalSection
	GlobalSection(ProjectConfigurationPlatforms) = postSolution
		{4C3D5F05-9830-49DD-872C-5CA724D98A46}.Debug|x64.ActiveCfg = Debug|x64
		{4C3D5F05-9830-49DD-872C-5CA724D98A46}.Debug|x64.Build.0 = Debug|x64
		{4C3D5F05-9830-49DD-872C-5CA724D98A46}.Debug|x86.ActiveCfg = Debug|Win32
		{4C3D5F05-9830-49DD-872C-5CA724D98A46}.Debug|x86.Build.0 = Debug|Win32
		{4C3D5F05-9830-49DD-872C-5CA724D98A46}.Release|x64.ActiveCfg = Release|x64
		{4C3D5F05-9830-49DD-872C-5CA724D98A46}.Release|x64.Build.0 = Release|x64
		{4C3D5F05-9830-49DD-872C-5CA724D98A46}.Release|x86.ActiveCfg = Release|Win32
		{4C3D5F05-9830-49DD-872C-5CA724D98A46}.Release|x86.Build.0 = Release|Win32
	EndGlobalSection
	GlobalSection(SolutionProperties) = preSolution
		HideSolutionNode = FALSE
	EndGlobalSection
	GlobalSection(ExtensibilityGlobals) = postSolution
		SolutionGuid = {02ED699E-BE5F-46BD-B493-68DC5F0BE1FF}
	EndGlobalSection
EndGlobal

